<?xml version="1.0" encoding="utf-8"?>
<Project ToolsVersion="4.0" xmlns="http://schemas.microsoft.com/developer/msbuild/2003">
  <ItemGroup>
    <Filter Include="Source Files">
      <UniqueIdentifier>{4FC737F1-C7A5-4376-A066-2A32D752A2FF}</UniqueIdentifier>
      <Extensions>cpp;c;cc;cxx;c++;def;odl;idl;hpj;bat;asm;asmx</Extensions>
    </Filter>
    <Filter Include="Header Files">
      <UniqueIdentifier>{93995380-89BD-4b04-88EB-625FBE52EBFB}</UniqueIdentifier>
      <Extensions>h;hh;hpp;hxx;h++;hm;inl;inc;ipp;xsd</Extensions>
    </Filter>
    <Filter Include="Resource Files">
      <UniqueIdentifier>{67DA6AB6-F800-4c08-8B7A-83BB121AAD01}</UniqueIdentifier>
      <Extensions>rc;ico;cur;bmp;dlg;rc2;rct;bin;rgs;gif;jpg;jpeg;jpe;resx;tiff;tif;png;wav;mfcribbon-ms</Extensions>
    </Filter>
    <Filter Include="Header Files\Base">
      <UniqueIdentifier>{338a8ab4-9e1e-4c54-b91c-d53013381480}</UniqueIdentifier>
    </Filter>
    <Filter Include="Header Files\Data Types">
      <UniqueIdentifier>{5aad8393-7d96-40b7-9a66-3675308382aa}</UniqueIdentifier>
    </Filter>
    <Filter Include="Source Files\Base">
      <UniqueIdentifier>{93daca84-b5c2-41a5-95e0-6fd745c803e4}</UniqueIdentifier>
    </Filter>
    <Filter Include="Shader">
      <UniqueIdentifier>{e8550cb2-d5e1-4638-ac19-d3d984491ce5}</UniqueIdentifier>
    </Filter>
    <Filter Include="Header Files\Error">
      <UniqueIdentifier>{e594137e-a425-4459-88eb-f48dd578c319}</UniqueIdentifier>
    </Filter>
    <Filter Include="Source Files\Error">
      <UniqueIdentifier>{80a61084-3f07-40f7-b219-44d21cf69038}</UniqueIdentifier>
    </Filter>
    <Filter Include="dxerr">
      <UniqueIdentifier>{0d1fb52c-c47e-4224-a411-bc6c77bb5dec}</UniqueIdentifier>
    </Filter>
  </ItemGroup>
  <ItemGroup>
    <ClCompile Include="App.cpp">
      <Filter>Source Files\Base</Filter>
    </ClCompile>
    <ClCompile Include="Keyboard.cpp">
      <Filter>Source Files\Base</Filter>
    </ClCompile>
    <ClCompile Include="Mouse.cpp">
      <Filter>Source Files\Base</Filter>
    </ClCompile>
    <ClCompile Include="Window.cpp">
      <Filter>Source Files\Base</Filter>
    </ClCompile>
    <ClCompile Include="WinMain.cpp">
      <Filter>Source Files\Base</Filter>
    </ClCompile>
    <ClCompile Include="Graphics.cpp">
      <Filter>Source Files</Filter>
    </ClCompile>
    <ClCompile Include="DxgiInfoManager.cpp">
      <Filter>Source Files\Error</Filter>
    </ClCompile>
    <ClCompile Include="RacException.cpp">
      <Filter>Source Files\Error</Filter>
    </ClCompile>
    <ClCompile Include="dxerr.cpp">
      <Filter>dxerr</Filter>
    </ClCompile>
  </ItemGroup>
  <ItemGroup>
    <ClInclude Include="Helper.h">
      <Filter>Header Files\Base</Filter>
    </ClInclude>
    <ClInclude Include="Window.h">
      <Filter>Header Files\Base</Filter>
    </ClInclude>
    <ClInclude Include="WinSetup.h">
      <Filter>Header Files\Base</Filter>
    </ClInclude>
    <ClInclude Include="resource.h">
      <Filter>Header Files\Base</Filter>
    </ClInclude>
    <ClInclude Include="Keyboard.h">
      <Filter>Header Files\Base</Filter>
    </ClInclude>
    <ClInclude Include="Mouse.h">
      <Filter>Header Files\Base</Filter>
    </ClInclude>
    <ClInclude Include="Vec2.h">
      <Filter>Header Files\Data Types</Filter>
    </ClInclude>
    <ClInclude Include="App.h">
      <Filter>Header Files\Base</Filter>
    </ClInclude>
    <ClInclude Include="Graphics.h">
      <Filter>Header Files</Filter>
    </ClInclude>
    <ClInclude Include="RacException.h">
      <Filter>Header Files\Error</Filter>
    </ClInclude>
    <ClInclude Include="DxgiInfoManager.h">
      <Filter>Header Files\Error</Filter>
    </ClInclude>
    <ClInclude Include="dxerr.h">
      <Filter>dxerr</Filter>
    </ClInclude>
  </ItemGroup>
  <ItemGroup>
    <ResourceCompile Include="Hardware3D.rc">
      <Filter>Resource Files</Filter>
    </ResourceCompile>
  </ItemGroup>
  <ItemGroup>
    <Image Include="Icon\rac.ico">
      <Filter>Resource Files</Filter>
    </Image>
  </ItemGroup>
  <ItemGroup>
    <FxCompile Include="VertexShader.hlsl">
      <Filter>Shader</Filter>
    </FxCompile>
  </ItemGroup>
  <ItemGroup>
    <None Include="DXTrace.inl">
      <Filter>dxerr</Filter>
    </None>
    <None Include="DXGetErrorString.inl">
      <Filter>dxerr</Filter>
    </None>
  </ItemGroup>
  <ItemGroup>
    <Xml Include="DXGetErrorDescription.inl">
      <Filter>dxerr</Filter>
    </Xml>
  </ItemGroup>
</Project>